
Microsoft Visual Studio Solution File, Format Version 12.00
# Visual Studio Version 16
VisualStudioVersion = 16.0.30711.63
MinimumVisualStudioVersion = 10.0.40219.1
Project("{FAE04EC0-301F-11D3-BF4B-00C04F79EFBC}") = "TrackerLibrary", "TrackerLibrary\TrackerLibrary.csproj", "{BF2B627D-51AD-4EA1-911A-09A127DDED7C}"
EndProject
Project("{FAE04EC0-301F-11D3-BF4B-00C04F79EFBC}") = "TrackerUi", "TrackerUi\TrackerUi.csproj", "{91D299C4-A598-4E59-9B74-402D081268C0}"
EndProject
Global
	GlobalSection(SolutionConfigurationPlatforms) = preSolution
		Debug|Any CPU = Debug|Any CPU
		Release|Any CPU = Release|Any CPU
	EndGlobalSection
	GlobalSection(ProjectConfigurationPlatforms) = postSolution
		{BF2B627D-51AD-4EA1-911A-09A127DDED7C}.Debug|Any CPU.ActiveCfg = Debug|Any CPU
		{BF2B627D-51AD-4EA1-911A-09A127DDED7C}.Debug|Any CPU.Build.0 = Debug|Any CPU
		{BF2B627D-51AD-4EA1-911A-09A127DDED7C}.Release|Any CPU.ActiveCfg = Release|Any CPU
		{BF2B627D-51AD-4EA1-911A-09A127DDED7C}.Release|Any CPU.Build.0 = Release|Any CPU
		{91D299C4-A598-4E59-9B74-402D081268C0}.Debug|Any CPU.ActiveCfg = Debug|Any CPU
		{91D299C4-A598-4E59-9B74-402D081268C0}.Debug|Any CPU.Build.0 = Debug|Any CPU
		{91D299C4-A598-4E59-9B74-402D081268C0}.Release|Any CPU.ActiveCfg = Release|Any CPU
		{91D299C4-A598-4E59-9B74-402D081268C0}.Release|Any CPU.Build.0 = Release|Any CPU
	EndGlobalSection
	GlobalSection(SolutionProperties) = preSolution
		HideSolutionNode = FALSE
	EndGlobalSection
	GlobalSection(ExtensibilityGlobals) = postSolution
		SolutionGuid = {222D47FF-A40E-4E16-81FC-8131A3D09A0D}
	EndGlobalSection
EndGlobal
